
Microsoft Visual Studio Solution File, Format Version 12.00
# Visual Studio Version 16
VisualStudioVersion = 16.0.28803.202
MinimumVisualStudioVersion = 10.0.40219.1
Project("{FAE04EC0-301F-11D3-BF4B-00C04F79EFBC}") = "TimeCapsure", "TimeCapsure\TimeCapsure.csproj", "{6B65EE96-8F72-48EC-B93C-66108B466425}"
EndProject
Global
	GlobalSection(SolutionConfigurationPlatforms) = preSolution
		Debug|Any CPU = Debug|Any CPU
		Release|Any CPU = Release|Any CPU
	EndGlobalSection
	GlobalSection(ProjectConfigurationPlatforms) = postSolution
		{6B65EE96-8F72-48EC-B93C-66108B466425}.Debug|Any CPU.ActiveCfg = Debug|Any CPU
		{6B65EE96-8F72-48EC-B93C-66108B466425}.Debug|Any CPU.Build.0 = Debug|Any CPU
		{6B65EE96-8F72-48EC-B93C-66108B466425}.Release|Any CPU.ActiveCfg = Release|Any CPU
		{6B65EE96-8F72-48EC-B93C-66108B466425}.Release|Any CPU.Build.0 = Release|Any CPU
	EndGlobalSection
	GlobalSection(SolutionProperties) = preSolution
		HideSolutionNode = FALSE
	EndGlobalSection
	GlobalSection(ExtensibilityGlobals) = postSolution
		SolutionGuid = {0A47C863-660F-4C3C-96AC-875C05FBE400}
	EndGlobalSection
EndGlobal
